
Microsoft Visual Studio Solution File, Format Version 12.00
# Visual Studio 15
VisualStudioVersion = 15.0.27130.2010
MinimumVisualStudioVersion = 10.0.40219.1
Project("{FAE04EC0-301F-11D3-BF4B-00C04F79EFBC}") = "TesteK", "TesteK\TesteK.csproj", "{DD0E6AAE-D0DD-413A-A131-33CEF8A4D826}"
EndProject
Global
	GlobalSection(SolutionConfigurationPlatforms) = preSolution
		Debug|Any CPU = Debug|Any CPU
		Release|Any CPU = Release|Any CPU
	EndGlobalSection
	GlobalSection(ProjectConfigurationPlatforms) = postSolution
		{DD0E6AAE-D0DD-413A-A131-33CEF8A4D826}.Debug|Any CPU.ActiveCfg = Debug|Any CPU
		{DD0E6AAE-D0DD-413A-A131-33CEF8A4D826}.Debug|Any CPU.Build.0 = Debug|Any CPU
		{DD0E6AAE-D0DD-413A-A131-33CEF8A4D826}.Release|Any CPU.ActiveCfg = Release|Any CPU
		{DD0E6AAE-D0DD-413A-A131-33CEF8A4D826}.Release|Any CPU.Build.0 = Release|Any CPU
	EndGlobalSection
	GlobalSection(SolutionProperties) = preSolution
		HideSolutionNode = FALSE
	EndGlobalSection
	GlobalSection(ExtensibilityGlobals) = postSolution
		SolutionGuid = {AC15C315-9568-4943-8AEB-DB7BEA86CF65}
	EndGlobalSection
EndGlobal
